
Microsoft Visual Studio Solution File, Format Version 12.00
# Visual Studio 14
VisualStudioVersion = 14.0.23107.0
MinimumVisualStudioVersion = 10.0.40219.1
Project("{FAE04EC0-301F-11D3-BF4B-00C04F79EFBC}") = "TowerOfHanoi", "TowerOfHanoi\TowerOfHanoi.csproj", "{33C59270-3822-448E-821E-FDAC384FE117}"
EndProject
Project("{FAE04EC0-301F-11D3-BF4B-00C04F79EFBC}") = "NestedLoopsToRecursion", "NestedLoopsToRecursion\NestedLoopsToRecursion.csproj", "{C8C7DB04-477A-46DA-BAE8-C59E868EB784}"
EndProject
Project("{FAE04EC0-301F-11D3-BF4B-00C04F79EFBC}") = "CombinationsWithRepetitions", "CombinationsWithRepetitions\CombinationsWithRepetitions.csproj", "{4AD4CF87-E2B6-4397-A1E1-B1C9CE6E77C1}"
EndProject
Project("{FAE04EC0-301F-11D3-BF4B-00C04F79EFBC}") = "CombinationsWithoutRepetitions", "CombinationsWithoutRepetitions\CombinationsWithoutRepetitions.csproj", "{B530770D-41CE-476A-82CB-EE14EBAC5652}"
EndProject
Project("{FAE04EC0-301F-11D3-BF4B-00C04F79EFBC}") = "PathsBetweenCellsInMatrix", "PathsBetweenCellsInMatrix\PathsBetweenCellsInMatrix.csproj", "{A15395D5-E490-4845-B801-52EF9FDA94F4}"
EndProject
Project("{FAE04EC0-301F-11D3-BF4B-00C04F79EFBC}") = "ConnectedAreasInMatrix", "ConnectedAreasInMatrix\ConnectedAreasInMatrix.csproj", "{D124ED50-FE8D-45C4-BAEB-C4775DFBD8FA}"
EndProject
Global
	GlobalSection(SolutionConfigurationPlatforms) = preSolution
		Debug|Any CPU = Debug|Any CPU
		Release|Any CPU = Release|Any CPU
	EndGlobalSection
	GlobalSection(ProjectConfigurationPlatforms) = postSolution
		{33C59270-3822-448E-821E-FDAC384FE117}.Debug|Any CPU.ActiveCfg = Debug|Any CPU
		{33C59270-3822-448E-821E-FDAC384FE117}.Debug|Any CPU.Build.0 = Debug|Any CPU
		{33C59270-3822-448E-821E-FDAC384FE117}.Release|Any CPU.ActiveCfg = Release|Any CPU
		{33C59270-3822-448E-821E-FDAC384FE117}.Release|Any CPU.Build.0 = Release|Any CPU
		{C8C7DB04-477A-46DA-BAE8-C59E868EB784}.Debug|Any CPU.ActiveCfg = Debug|Any CPU
		{C8C7DB04-477A-46DA-BAE8-C59E868EB784}.Debug|Any CPU.Build.0 = Debug|Any CPU
		{C8C7DB04-477A-46DA-BAE8-C59E868EB784}.Release|Any CPU.ActiveCfg = Release|Any CPU
		{C8C7DB04-477A-46DA-BAE8-C59E868EB784}.Release|Any CPU.Build.0 = Release|Any CPU
		{4AD4CF87-E2B6-4397-A1E1-B1C9CE6E77C1}.Debug|Any CPU.ActiveCfg = Debug|Any CPU
		{4AD4CF87-E2B6-4397-A1E1-B1C9CE6E77C1}.Debug|Any CPU.Build.0 = Debug|Any CPU
		{4AD4CF87-E2B6-4397-A1E1-B1C9CE6E77C1}.Release|Any CPU.ActiveCfg = Release|Any CPU
		{4AD4CF87-E2B6-4397-A1E1-B1C9CE6E77C1}.Release|Any CPU.Build.0 = Release|Any CPU
		{B530770D-41CE-476A-82CB-EE14EBAC5652}.Debug|Any CPU.ActiveCfg = Debug|Any CPU
		{B530770D-41CE-476A-82CB-EE14EBAC5652}.Debug|Any CPU.Build.0 = Debug|Any CPU
		{B530770D-41CE-476A-82CB-EE14EBAC5652}.Release|Any CPU.ActiveCfg = Release|Any CPU
		{B530770D-41CE-476A-82CB-EE14EBAC5652}.Release|Any CPU.Build.0 = Release|Any CPU
		{A15395D5-E490-4845-B801-52EF9FDA94F4}.Debug|Any CPU.ActiveCfg = Debug|Any CPU
		{A15395D5-E490-4845-B801-52EF9FDA94F4}.Debug|Any CPU.Build.0 = Debug|Any CPU
		{A15395D5-E490-4845-B801-52EF9FDA94F4}.Release|Any CPU.ActiveCfg = Release|Any CPU
		{A15395D5-E490-4845-B801-52EF9FDA94F4}.Release|Any CPU.Build.0 = Release|Any CPU
		{D124ED50-FE8D-45C4-BAEB-C4775DFBD8FA}.Debug|Any CPU.ActiveCfg = Debug|Any CPU
		{D124ED50-FE8D-45C4-BAEB-C4775DFBD8FA}.Debug|Any CPU.Build.0 = Debug|Any CPU
		{D124ED50-FE8D-45C4-BAEB-C4775DFBD8FA}.Release|Any CPU.ActiveCfg = Release|Any CPU
		{D124ED50-FE8D-45C4-BAEB-C4775DFBD8FA}.Release|Any CPU.Build.0 = Release|Any CPU
	EndGlobalSection
	GlobalSection(SolutionProperties) = preSolution
		HideSolutionNode = FALSE
	EndGlobalSection
EndGlobal
