
Microsoft Visual Studio Solution File, Format Version 12.00
# Visual Studio 14
VisualStudioVersion = 14.0.23107.0
MinimumVisualStudioVersion = 10.0.40219.1
Project("{FAE04EC0-301F-11D3-BF4B-00C04F79EFBC}") = "EightQueensPuzzle", "EightQueensPuzzle\EightQueensPuzzle.csproj", "{A6BD52C4-1B04-46E3-80E3-174A274A6AE3}"
EndProject
Project("{FAE04EC0-301F-11D3-BF4B-00C04F79EFBC}") = "RecursiveArraySum", "RecursiveArraySum\RecursiveArraySum.csproj", "{1750ADCB-3EAA-4629-A11D-6CBA3BBC1350}"
EndProject
Global
	GlobalSection(SolutionConfigurationPlatforms) = preSolution
		Debug|Any CPU = Debug|Any CPU
		Release|Any CPU = Release|Any CPU
	EndGlobalSection
	GlobalSection(ProjectConfigurationPlatforms) = postSolution
		{A6BD52C4-1B04-46E3-80E3-174A274A6AE3}.Debug|Any CPU.ActiveCfg = Debug|Any CPU
		{A6BD52C4-1B04-46E3-80E3-174A274A6AE3}.Debug|Any CPU.Build.0 = Debug|Any CPU
		{A6BD52C4-1B04-46E3-80E3-174A274A6AE3}.Release|Any CPU.ActiveCfg = Release|Any CPU
		{A6BD52C4-1B04-46E3-80E3-174A274A6AE3}.Release|Any CPU.Build.0 = Release|Any CPU
		{1750ADCB-3EAA-4629-A11D-6CBA3BBC1350}.Debug|Any CPU.ActiveCfg = Debug|Any CPU
		{1750ADCB-3EAA-4629-A11D-6CBA3BBC1350}.Debug|Any CPU.Build.0 = Debug|Any CPU
		{1750ADCB-3EAA-4629-A11D-6CBA3BBC1350}.Release|Any CPU.ActiveCfg = Release|Any CPU
		{1750ADCB-3EAA-4629-A11D-6CBA3BBC1350}.Release|Any CPU.Build.0 = Release|Any CPU
	EndGlobalSection
	GlobalSection(SolutionProperties) = preSolution
		HideSolutionNode = FALSE
	EndGlobalSection
EndGlobal
