
Microsoft Visual Studio Solution File, Format Version 12.00
# Visual Studio 14
VisualStudioVersion = 14.0.23107.0
MinimumVisualStudioVersion = 10.0.40219.1
Project("{FAE04EC0-301F-11D3-BF4B-00C04F79EFBC}") = "VarWithoutRepetitions", "VarWithoutRepetitions\VarWithoutRepetitions.csproj", "{E7F1E82B-F99F-4C41-A67A-48327C4D0576}"
EndProject
Project("{FAE04EC0-301F-11D3-BF4B-00C04F79EFBC}") = "CombWithRepetitions", "CombWithRepetitions\CombWithRepetitions.csproj", "{FF58B64E-123F-4752-A86E-0B1206EBE268}"
EndProject
Project("{FAE04EC0-301F-11D3-BF4B-00C04F79EFBC}") = "CombWithoutRepetitions", "CombWithoutRepetitions\CombWithoutRepetitions.csproj", "{897D7EE2-672B-4E3D-8CC6-215823F10686}"
EndProject
Project("{FAE04EC0-301F-11D3-BF4B-00C04F79EFBC}") = "VarWithRepetitions", "VarWithRepetitions\VarWithRepetitions.csproj", "{B527405A-6D10-4B9F-8FB0-8D77A8EFF028}"
EndProject
Global
	GlobalSection(SolutionConfigurationPlatforms) = preSolution
		Debug|Any CPU = Debug|Any CPU
		Release|Any CPU = Release|Any CPU
	EndGlobalSection
	GlobalSection(ProjectConfigurationPlatforms) = postSolution
		{E7F1E82B-F99F-4C41-A67A-48327C4D0576}.Debug|Any CPU.ActiveCfg = Debug|Any CPU
		{E7F1E82B-F99F-4C41-A67A-48327C4D0576}.Debug|Any CPU.Build.0 = Debug|Any CPU
		{E7F1E82B-F99F-4C41-A67A-48327C4D0576}.Release|Any CPU.ActiveCfg = Release|Any CPU
		{E7F1E82B-F99F-4C41-A67A-48327C4D0576}.Release|Any CPU.Build.0 = Release|Any CPU
		{FF58B64E-123F-4752-A86E-0B1206EBE268}.Debug|Any CPU.ActiveCfg = Debug|Any CPU
		{FF58B64E-123F-4752-A86E-0B1206EBE268}.Debug|Any CPU.Build.0 = Debug|Any CPU
		{FF58B64E-123F-4752-A86E-0B1206EBE268}.Release|Any CPU.ActiveCfg = Release|Any CPU
		{FF58B64E-123F-4752-A86E-0B1206EBE268}.Release|Any CPU.Build.0 = Release|Any CPU
		{897D7EE2-672B-4E3D-8CC6-215823F10686}.Debug|Any CPU.ActiveCfg = Debug|Any CPU
		{897D7EE2-672B-4E3D-8CC6-215823F10686}.Debug|Any CPU.Build.0 = Debug|Any CPU
		{897D7EE2-672B-4E3D-8CC6-215823F10686}.Release|Any CPU.ActiveCfg = Release|Any CPU
		{897D7EE2-672B-4E3D-8CC6-215823F10686}.Release|Any CPU.Build.0 = Release|Any CPU
		{B527405A-6D10-4B9F-8FB0-8D77A8EFF028}.Debug|Any CPU.ActiveCfg = Debug|Any CPU
		{B527405A-6D10-4B9F-8FB0-8D77A8EFF028}.Debug|Any CPU.Build.0 = Debug|Any CPU
		{B527405A-6D10-4B9F-8FB0-8D77A8EFF028}.Release|Any CPU.ActiveCfg = Release|Any CPU
		{B527405A-6D10-4B9F-8FB0-8D77A8EFF028}.Release|Any CPU.Build.0 = Release|Any CPU
	EndGlobalSection
	GlobalSection(SolutionProperties) = preSolution
		HideSolutionNode = FALSE
	EndGlobalSection
EndGlobal
