
Microsoft Visual Studio Solution File, Format Version 12.00
# Visual Studio 14
VisualStudioVersion = 14.0.23107.0
MinimumVisualStudioVersion = 10.0.40219.1
Project("{FAE04EC0-301F-11D3-BF4B-00C04F79EFBC}") = "LongestZigzagSequence", "LongestZigzagSequence\LongestZigzagSequence.csproj", "{F4746F22-BBC2-4BB2-B272-86C43DFF2AC6}"
EndProject
Project("{FAE04EC0-301F-11D3-BF4B-00C04F79EFBC}") = "BinomialCoefficients", "BinomialCoefficients\BinomialCoefficients.csproj", "{52C3049B-4E26-476E-AA40-A1CDC8A6E52D}"
EndProject
Global
	GlobalSection(SolutionConfigurationPlatforms) = preSolution
		Debug|Any CPU = Debug|Any CPU
		Release|Any CPU = Release|Any CPU
	EndGlobalSection
	GlobalSection(ProjectConfigurationPlatforms) = postSolution
		{F4746F22-BBC2-4BB2-B272-86C43DFF2AC6}.Debug|Any CPU.ActiveCfg = Debug|Any CPU
		{F4746F22-BBC2-4BB2-B272-86C43DFF2AC6}.Debug|Any CPU.Build.0 = Debug|Any CPU
		{F4746F22-BBC2-4BB2-B272-86C43DFF2AC6}.Release|Any CPU.ActiveCfg = Release|Any CPU
		{F4746F22-BBC2-4BB2-B272-86C43DFF2AC6}.Release|Any CPU.Build.0 = Release|Any CPU
		{52C3049B-4E26-476E-AA40-A1CDC8A6E52D}.Debug|Any CPU.ActiveCfg = Debug|Any CPU
		{52C3049B-4E26-476E-AA40-A1CDC8A6E52D}.Debug|Any CPU.Build.0 = Debug|Any CPU
		{52C3049B-4E26-476E-AA40-A1CDC8A6E52D}.Release|Any CPU.ActiveCfg = Release|Any CPU
		{52C3049B-4E26-476E-AA40-A1CDC8A6E52D}.Release|Any CPU.Build.0 = Release|Any CPU
	EndGlobalSection
	GlobalSection(SolutionProperties) = preSolution
		HideSolutionNode = FALSE
	EndGlobalSection
EndGlobal
